
Microsoft Visual Studio Solution File, Format Version 12.00
# Visual Studio Version 16
VisualStudioVersion = 16.0.31112.23
MinimumVisualStudioVersion = 10.0.40219.1
Project("{FAE04EC0-301F-11D3-BF4B-00C04F79EFBC}") = "HelloTriangle", "HelloTriangle\HelloTriangle.csproj", "{FF5AF5A7-7556-4450-A348-CE050E037690}"
EndProject
Project("{FAE04EC0-301F-11D3-BF4B-00C04F79EFBC}") = "HelloTriangleMsaa", "HelloTriangleMsaa\HelloTriangleMsaa.csproj", "{B56BFA6B-D330-48FB-9673-33494B5CFCD2}"
EndProject
Project("{FAE04EC0-301F-11D3-BF4B-00C04F79EFBC}") = "RotatingCube", "RotatingCube\RotatingCube.csproj", "{D70F131E-D14B-4670-AC9B-C279B4771BC2}"
EndProject
Project("{FAE04EC0-301F-11D3-BF4B-00C04F79EFBC}") = "TwoCubes", "TwoCubes\TwoCubes.csproj", "{FC53F5EF-77CB-432F-AE24-D48DC9CD5BBF}"
EndProject
Project("{9A19103F-16F7-4668-BE54-9A1E7A4F7556}") = "Meshes", "Meshes\Meshes.csproj", "{CE6AC7B1-AA5A-4661-AC0B-DFC470BC1AA3}"
EndProject
Project("{FAE04EC0-301F-11D3-BF4B-00C04F79EFBC}") = "TexturedCube", "TexturedCube\TexturedCube.csproj", "{803334CF-8FCD-4D5D-8009-199CCD7D1CC9}"
EndProject
Project("{FAE04EC0-301F-11D3-BF4B-00C04F79EFBC}") = "FractalCube", "FractalCube\FractalCube.csproj", "{3809C536-1B5A-484C-9DBE-DD5A5AF651CC}"
EndProject
Project("{FAE04EC0-301F-11D3-BF4B-00C04F79EFBC}") = "InstancedCube", "InstancedCube\InstancedCube.csproj", "{688B2624-B1F5-4A40-8BDC-5C45D20F1725}"
EndProject
Project("{FAE04EC0-301F-11D3-BF4B-00C04F79EFBC}") = "Animometer", "Animometer\Animometer.csproj", "{AAB61B19-A28C-4C22-B627-43A0D12F1D27}"
EndProject
Project("{FAE04EC0-301F-11D3-BF4B-00C04F79EFBC}") = "ComputeBoids", "ComputeBoids\ComputeBoids.csproj", "{DA4D0E55-6852-46FB-AEBE-AC2FCABEDECD}"
EndProject
Global
	GlobalSection(SolutionConfigurationPlatforms) = preSolution
		Debug|Any CPU = Debug|Any CPU
		Debug|ARM = Debug|ARM
		Debug|ARM64 = Debug|ARM64
		Debug|x64 = Debug|x64
		Debug|x86 = Debug|x86
		Release|Any CPU = Release|Any CPU
		Release|ARM = Release|ARM
		Release|ARM64 = Release|ARM64
		Release|x64 = Release|x64
		Release|x86 = Release|x86
	EndGlobalSection
	GlobalSection(ProjectConfigurationPlatforms) = postSolution
		{FF5AF5A7-7556-4450-A348-CE050E037690}.Debug|Any CPU.ActiveCfg = Debug|x86
		{FF5AF5A7-7556-4450-A348-CE050E037690}.Debug|ARM.ActiveCfg = Debug|ARM
		{FF5AF5A7-7556-4450-A348-CE050E037690}.Debug|ARM.Build.0 = Debug|ARM
		{FF5AF5A7-7556-4450-A348-CE050E037690}.Debug|ARM.Deploy.0 = Debug|ARM
		{FF5AF5A7-7556-4450-A348-CE050E037690}.Debug|ARM64.ActiveCfg = Debug|ARM64
		{FF5AF5A7-7556-4450-A348-CE050E037690}.Debug|ARM64.Build.0 = Debug|ARM64
		{FF5AF5A7-7556-4450-A348-CE050E037690}.Debug|ARM64.Deploy.0 = Debug|ARM64
		{FF5AF5A7-7556-4450-A348-CE050E037690}.Debug|x64.ActiveCfg = Debug|x64
		{FF5AF5A7-7556-4450-A348-CE050E037690}.Debug|x64.Build.0 = Debug|x64
		{FF5AF5A7-7556-4450-A348-CE050E037690}.Debug|x64.Deploy.0 = Debug|x64
		{FF5AF5A7-7556-4450-A348-CE050E037690}.Debug|x86.ActiveCfg = Debug|x86
		{FF5AF5A7-7556-4450-A348-CE050E037690}.Debug|x86.Build.0 = Debug|x86
		{FF5AF5A7-7556-4450-A348-CE050E037690}.Debug|x86.Deploy.0 = Debug|x86
		{FF5AF5A7-7556-4450-A348-CE050E037690}.Release|Any CPU.ActiveCfg = Release|x86
		{FF5AF5A7-7556-4450-A348-CE050E037690}.Release|ARM.ActiveCfg = Release|ARM
		{FF5AF5A7-7556-4450-A348-CE050E037690}.Release|ARM.Build.0 = Release|ARM
		{FF5AF5A7-7556-4450-A348-CE050E037690}.Release|ARM.Deploy.0 = Release|ARM
		{FF5AF5A7-7556-4450-A348-CE050E037690}.Release|ARM64.ActiveCfg = Release|ARM64
		{FF5AF5A7-7556-4450-A348-CE050E037690}.Release|ARM64.Build.0 = Release|ARM64
		{FF5AF5A7-7556-4450-A348-CE050E037690}.Release|ARM64.Deploy.0 = Release|ARM64
		{FF5AF5A7-7556-4450-A348-CE050E037690}.Release|x64.ActiveCfg = Release|x64
		{FF5AF5A7-7556-4450-A348-CE050E037690}.Release|x64.Build.0 = Release|x64
		{FF5AF5A7-7556-4450-A348-CE050E037690}.Release|x64.Deploy.0 = Release|x64
		{FF5AF5A7-7556-4450-A348-CE050E037690}.Release|x86.ActiveCfg = Release|x86
		{FF5AF5A7-7556-4450-A348-CE050E037690}.Release|x86.Build.0 = Release|x86
		{FF5AF5A7-7556-4450-A348-CE050E037690}.Release|x86.Deploy.0 = Release|x86
		{B56BFA6B-D330-48FB-9673-33494B5CFCD2}.Debug|Any CPU.ActiveCfg = Debug|x86
		{B56BFA6B-D330-48FB-9673-33494B5CFCD2}.Debug|ARM.ActiveCfg = Debug|ARM
		{B56BFA6B-D330-48FB-9673-33494B5CFCD2}.Debug|ARM.Build.0 = Debug|ARM
		{B56BFA6B-D330-48FB-9673-33494B5CFCD2}.Debug|ARM.Deploy.0 = Debug|ARM
		{B56BFA6B-D330-48FB-9673-33494B5CFCD2}.Debug|ARM64.ActiveCfg = Debug|ARM64
		{B56BFA6B-D330-48FB-9673-33494B5CFCD2}.Debug|ARM64.Build.0 = Debug|ARM64
		{B56BFA6B-D330-48FB-9673-33494B5CFCD2}.Debug|ARM64.Deploy.0 = Debug|ARM64
		{B56BFA6B-D330-48FB-9673-33494B5CFCD2}.Debug|x64.ActiveCfg = Debug|x64
		{B56BFA6B-D330-48FB-9673-33494B5CFCD2}.Debug|x64.Build.0 = Debug|x64
		{B56BFA6B-D330-48FB-9673-33494B5CFCD2}.Debug|x64.Deploy.0 = Debug|x64
		{B56BFA6B-D330-48FB-9673-33494B5CFCD2}.Debug|x86.ActiveCfg = Debug|x86
		{B56BFA6B-D330-48FB-9673-33494B5CFCD2}.Debug|x86.Build.0 = Debug|x86
		{B56BFA6B-D330-48FB-9673-33494B5CFCD2}.Debug|x86.Deploy.0 = Debug|x86
		{B56BFA6B-D330-48FB-9673-33494B5CFCD2}.Release|Any CPU.ActiveCfg = Release|x86
		{B56BFA6B-D330-48FB-9673-33494B5CFCD2}.Release|ARM.ActiveCfg = Release|ARM
		{B56BFA6B-D330-48FB-9673-33494B5CFCD2}.Release|ARM.Build.0 = Release|ARM
		{B56BFA6B-D330-48FB-9673-33494B5CFCD2}.Release|ARM.Deploy.0 = Release|ARM
		{B56BFA6B-D330-48FB-9673-33494B5CFCD2}.Release|ARM64.ActiveCfg = Release|ARM64
		{B56BFA6B-D330-48FB-9673-33494B5CFCD2}.Release|ARM64.Build.0 = Release|ARM64
		{B56BFA6B-D330-48FB-9673-33494B5CFCD2}.Release|ARM64.Deploy.0 = Release|ARM64
		{B56BFA6B-D330-48FB-9673-33494B5CFCD2}.Release|x64.ActiveCfg = Release|x64
		{B56BFA6B-D330-48FB-9673-33494B5CFCD2}.Release|x64.Build.0 = Release|x64
		{B56BFA6B-D330-48FB-9673-33494B5CFCD2}.Release|x64.Deploy.0 = Release|x64
		{B56BFA6B-D330-48FB-9673-33494B5CFCD2}.Release|x86.ActiveCfg = Release|x86
		{B56BFA6B-D330-48FB-9673-33494B5CFCD2}.Release|x86.Build.0 = Release|x86
		{B56BFA6B-D330-48FB-9673-33494B5CFCD2}.Release|x86.Deploy.0 = Release|x86
		{D70F131E-D14B-4670-AC9B-C279B4771BC2}.Debug|Any CPU.ActiveCfg = Debug|x86
		{D70F131E-D14B-4670-AC9B-C279B4771BC2}.Debug|ARM.ActiveCfg = Debug|ARM
		{D70F131E-D14B-4670-AC9B-C279B4771BC2}.Debug|ARM.Build.0 = Debug|ARM
		{D70F131E-D14B-4670-AC9B-C279B4771BC2}.Debug|ARM.Deploy.0 = Debug|ARM
		{D70F131E-D14B-4670-AC9B-C279B4771BC2}.Debug|ARM64.ActiveCfg = Debug|ARM64
		{D70F131E-D14B-4670-AC9B-C279B4771BC2}.Debug|ARM64.Build.0 = Debug|ARM64
		{D70F131E-D14B-4670-AC9B-C279B4771BC2}.Debug|ARM64.Deploy.0 = Debug|ARM64
		{D70F131E-D14B-4670-AC9B-C279B4771BC2}.Debug|x64.ActiveCfg = Debug|x64
		{D70F131E-D14B-4670-AC9B-C279B4771BC2}.Debug|x64.Build.0 = Debug|x64
		{D70F131E-D14B-4670-AC9B-C279B4771BC2}.Debug|x64.Deploy.0 = Debug|x64
		{D70F131E-D14B-4670-AC9B-C279B4771BC2}.Debug|x86.ActiveCfg = Debug|x86
		{D70F131E-D14B-4670-AC9B-C279B4771BC2}.Debug|x86.Build.0 = Debug|x86
		{D70F131E-D14B-4670-AC9B-C279B4771BC2}.Debug|x86.Deploy.0 = Debug|x86
		{D70F131E-D14B-4670-AC9B-C279B4771BC2}.Release|Any CPU.ActiveCfg = Release|x86
		{D70F131E-D14B-4670-AC9B-C279B4771BC2}.Release|ARM.ActiveCfg = Release|ARM
		{D70F131E-D14B-4670-AC9B-C279B4771BC2}.Release|ARM.Build.0 = Release|ARM
		{D70F131E-D14B-4670-AC9B-C279B4771BC2}.Release|ARM.Deploy.0 = Release|ARM
		{D70F131E-D14B-4670-AC9B-C279B4771BC2}.Release|ARM64.ActiveCfg = Release|ARM64
		{D70F131E-D14B-4670-AC9B-C279B4771BC2}.Release|ARM64.Build.0 = Release|ARM64
		{D70F131E-D14B-4670-AC9B-C279B4771BC2}.Release|ARM64.Deploy.0 = Release|ARM64
		{D70F131E-D14B-4670-AC9B-C279B4771BC2}.Release|x64.ActiveCfg = Release|x64
		{D70F131E-D14B-4670-AC9B-C279B4771BC2}.Release|x64.Build.0 = Release|x64
		{D70F131E-D14B-4670-AC9B-C279B4771BC2}.Release|x64.Deploy.0 = Release|x64
		{D70F131E-D14B-4670-AC9B-C279B4771BC2}.Release|x86.ActiveCfg = Release|x86
		{D70F131E-D14B-4670-AC9B-C279B4771BC2}.Release|x86.Build.0 = Release|x86
		{D70F131E-D14B-4670-AC9B-C279B4771BC2}.Release|x86.Deploy.0 = Release|x86
		{FC53F5EF-77CB-432F-AE24-D48DC9CD5BBF}.Debug|Any CPU.ActiveCfg = Debug|x86
		{FC53F5EF-77CB-432F-AE24-D48DC9CD5BBF}.Debug|ARM.ActiveCfg = Debug|ARM
		{FC53F5EF-77CB-432F-AE24-D48DC9CD5BBF}.Debug|ARM.Build.0 = Debug|ARM
		{FC53F5EF-77CB-432F-AE24-D48DC9CD5BBF}.Debug|ARM.Deploy.0 = Debug|ARM
		{FC53F5EF-77CB-432F-AE24-D48DC9CD5BBF}.Debug|ARM64.ActiveCfg = Debug|ARM64
		{FC53F5EF-77CB-432F-AE24-D48DC9CD5BBF}.Debug|ARM64.Build.0 = Debug|ARM64
		{FC53F5EF-77CB-432F-AE24-D48DC9CD5BBF}.Debug|ARM64.Deploy.0 = Debug|ARM64
		{FC53F5EF-77CB-432F-AE24-D48DC9CD5BBF}.Debug|x64.ActiveCfg = Debug|x64
		{FC53F5EF-77CB-432F-AE24-D48DC9CD5BBF}.Debug|x64.Build.0 = Debug|x64
		{FC53F5EF-77CB-432F-AE24-D48DC9CD5BBF}.Debug|x64.Deploy.0 = Debug|x64
		{FC53F5EF-77CB-432F-AE24-D48DC9CD5BBF}.Debug|x86.ActiveCfg = Debug|x86
		{FC53F5EF-77CB-432F-AE24-D48DC9CD5BBF}.Debug|x86.Build.0 = Debug|x86
		{FC53F5EF-77CB-432F-AE24-D48DC9CD5BBF}.Debug|x86.Deploy.0 = Debug|x86
		{FC53F5EF-77CB-432F-AE24-D48DC9CD5BBF}.Release|Any CPU.ActiveCfg = Release|x86
		{FC53F5EF-77CB-432F-AE24-D48DC9CD5BBF}.Release|ARM.ActiveCfg = Release|ARM
		{FC53F5EF-77CB-432F-AE24-D48DC9CD5BBF}.Release|ARM.Build.0 = Release|ARM
		{FC53F5EF-77CB-432F-AE24-D48DC9CD5BBF}.Release|ARM.Deploy.0 = Release|ARM
		{FC53F5EF-77CB-432F-AE24-D48DC9CD5BBF}.Release|ARM64.ActiveCfg = Release|ARM64
		{FC53F5EF-77CB-432F-AE24-D48DC9CD5BBF}.Release|ARM64.Build.0 = Release|ARM64
		{FC53F5EF-77CB-432F-AE24-D48DC9CD5BBF}.Release|ARM64.Deploy.0 = Release|ARM64
		{FC53F5EF-77CB-432F-AE24-D48DC9CD5BBF}.Release|x64.ActiveCfg = Release|x64
		{FC53F5EF-77CB-432F-AE24-D48DC9CD5BBF}.Release|x64.Build.0 = Release|x64
		{FC53F5EF-77CB-432F-AE24-D48DC9CD5BBF}.Release|x64.Deploy.0 = Release|x64
		{FC53F5EF-77CB-432F-AE24-D48DC9CD5BBF}.Release|x86.ActiveCfg = Release|x86
		{FC53F5EF-77CB-432F-AE24-D48DC9CD5BBF}.Release|x86.Build.0 = Release|x86
		{FC53F5EF-77CB-432F-AE24-D48DC9CD5BBF}.Release|x86.Deploy.0 = Release|x86
		{CE6AC7B1-AA5A-4661-AC0B-DFC470BC1AA3}.Debug|Any CPU.ActiveCfg = Debug|Any CPU
		{CE6AC7B1-AA5A-4661-AC0B-DFC470BC1AA3}.Debug|Any CPU.Build.0 = Debug|Any CPU
		{CE6AC7B1-AA5A-4661-AC0B-DFC470BC1AA3}.Debug|ARM.ActiveCfg = Debug|Any CPU
		{CE6AC7B1-AA5A-4661-AC0B-DFC470BC1AA3}.Debug|ARM.Build.0 = Debug|Any CPU
		{CE6AC7B1-AA5A-4661-AC0B-DFC470BC1AA3}.Debug|ARM64.ActiveCfg = Debug|Any CPU
		{CE6AC7B1-AA5A-4661-AC0B-DFC470BC1AA3}.Debug|ARM64.Build.0 = Debug|Any CPU
		{CE6AC7B1-AA5A-4661-AC0B-DFC470BC1AA3}.Debug|x64.ActiveCfg = Debug|Any CPU
		{CE6AC7B1-AA5A-4661-AC0B-DFC470BC1AA3}.Debug|x64.Build.0 = Debug|Any CPU
		{CE6AC7B1-AA5A-4661-AC0B-DFC470BC1AA3}.Debug|x86.ActiveCfg = Debug|Any CPU
		{CE6AC7B1-AA5A-4661-AC0B-DFC470BC1AA3}.Debug|x86.Build.0 = Debug|Any CPU
		{CE6AC7B1-AA5A-4661-AC0B-DFC470BC1AA3}.Release|Any CPU.ActiveCfg = Release|Any CPU
		{CE6AC7B1-AA5A-4661-AC0B-DFC470BC1AA3}.Release|Any CPU.Build.0 = Release|Any CPU
		{CE6AC7B1-AA5A-4661-AC0B-DFC470BC1AA3}.Release|ARM.ActiveCfg = Release|Any CPU
		{CE6AC7B1-AA5A-4661-AC0B-DFC470BC1AA3}.Release|ARM.Build.0 = Release|Any CPU
		{CE6AC7B1-AA5A-4661-AC0B-DFC470BC1AA3}.Release|ARM64.ActiveCfg = Release|Any CPU
		{CE6AC7B1-AA5A-4661-AC0B-DFC470BC1AA3}.Release|ARM64.Build.0 = Release|Any CPU
		{CE6AC7B1-AA5A-4661-AC0B-DFC470BC1AA3}.Release|x64.ActiveCfg = Release|Any CPU
		{CE6AC7B1-AA5A-4661-AC0B-DFC470BC1AA3}.Release|x64.Build.0 = Release|Any CPU
		{CE6AC7B1-AA5A-4661-AC0B-DFC470BC1AA3}.Release|x86.ActiveCfg = Release|Any CPU
		{CE6AC7B1-AA5A-4661-AC0B-DFC470BC1AA3}.Release|x86.Build.0 = Release|Any CPU
		{803334CF-8FCD-4D5D-8009-199CCD7D1CC9}.Debug|Any CPU.ActiveCfg = Debug|x86
		{803334CF-8FCD-4D5D-8009-199CCD7D1CC9}.Debug|ARM.ActiveCfg = Debug|ARM
		{803334CF-8FCD-4D5D-8009-199CCD7D1CC9}.Debug|ARM.Build.0 = Debug|ARM
		{803334CF-8FCD-4D5D-8009-199CCD7D1CC9}.Debug|ARM.Deploy.0 = Debug|ARM
		{803334CF-8FCD-4D5D-8009-199CCD7D1CC9}.Debug|ARM64.ActiveCfg = Debug|ARM64
		{803334CF-8FCD-4D5D-8009-199CCD7D1CC9}.Debug|ARM64.Build.0 = Debug|ARM64
		{803334CF-8FCD-4D5D-8009-199CCD7D1CC9}.Debug|ARM64.Deploy.0 = Debug|ARM64
		{803334CF-8FCD-4D5D-8009-199CCD7D1CC9}.Debug|x64.ActiveCfg = Debug|x64
		{803334CF-8FCD-4D5D-8009-199CCD7D1CC9}.Debug|x64.Build.0 = Debug|x64
		{803334CF-8FCD-4D5D-8009-199CCD7D1CC9}.Debug|x64.Deploy.0 = Debug|x64
		{803334CF-8FCD-4D5D-8009-199CCD7D1CC9}.Debug|x86.ActiveCfg = Debug|x86
		{803334CF-8FCD-4D5D-8009-199CCD7D1CC9}.Debug|x86.Build.0 = Debug|x86
		{803334CF-8FCD-4D5D-8009-199CCD7D1CC9}.Debug|x86.Deploy.0 = Debug|x86
		{803334CF-8FCD-4D5D-8009-199CCD7D1CC9}.Release|Any CPU.ActiveCfg = Release|x86
		{803334CF-8FCD-4D5D-8009-199CCD7D1CC9}.Release|ARM.ActiveCfg = Release|ARM
		{803334CF-8FCD-4D5D-8009-199CCD7D1CC9}.Release|ARM.Build.0 = Release|ARM
		{803334CF-8FCD-4D5D-8009-199CCD7D1CC9}.Release|ARM.Deploy.0 = Release|ARM
		{803334CF-8FCD-4D5D-8009-199CCD7D1CC9}.Release|ARM64.ActiveCfg = Release|ARM64
		{803334CF-8FCD-4D5D-8009-199CCD7D1CC9}.Release|ARM64.Build.0 = Release|ARM64
		{803334CF-8FCD-4D5D-8009-199CCD7D1CC9}.Release|ARM64.Deploy.0 = Release|ARM64
		{803334CF-8FCD-4D5D-8009-199CCD7D1CC9}.Release|x64.ActiveCfg = Release|x64
		{803334CF-8FCD-4D5D-8009-199CCD7D1CC9}.Release|x64.Build.0 = Release|x64
		{803334CF-8FCD-4D5D-8009-199CCD7D1CC9}.Release|x64.Deploy.0 = Release|x64
		{803334CF-8FCD-4D5D-8009-199CCD7D1CC9}.Release|x86.ActiveCfg = Release|x86
		{803334CF-8FCD-4D5D-8009-199CCD7D1CC9}.Release|x86.Build.0 = Release|x86
		{803334CF-8FCD-4D5D-8009-199CCD7D1CC9}.Release|x86.Deploy.0 = Release|x86
		{3809C536-1B5A-484C-9DBE-DD5A5AF651CC}.Debug|Any CPU.ActiveCfg = Debug|x86
		{3809C536-1B5A-484C-9DBE-DD5A5AF651CC}.Debug|ARM.ActiveCfg = Debug|ARM
		{3809C536-1B5A-484C-9DBE-DD5A5AF651CC}.Debug|ARM.Build.0 = Debug|ARM
		{3809C536-1B5A-484C-9DBE-DD5A5AF651CC}.Debug|ARM.Deploy.0 = Debug|ARM
		{3809C536-1B5A-484C-9DBE-DD5A5AF651CC}.Debug|ARM64.ActiveCfg = Debug|ARM64
		{3809C536-1B5A-484C-9DBE-DD5A5AF651CC}.Debug|ARM64.Build.0 = Debug|ARM64
		{3809C536-1B5A-484C-9DBE-DD5A5AF651CC}.Debug|ARM64.Deploy.0 = Debug|ARM64
		{3809C536-1B5A-484C-9DBE-DD5A5AF651CC}.Debug|x64.ActiveCfg = Debug|x64
		{3809C536-1B5A-484C-9DBE-DD5A5AF651CC}.Debug|x64.Build.0 = Debug|x64
		{3809C536-1B5A-484C-9DBE-DD5A5AF651CC}.Debug|x64.Deploy.0 = Debug|x64
		{3809C536-1B5A-484C-9DBE-DD5A5AF651CC}.Debug|x86.ActiveCfg = Debug|x86
		{3809C536-1B5A-484C-9DBE-DD5A5AF651CC}.Debug|x86.Build.0 = Debug|x86
		{3809C536-1B5A-484C-9DBE-DD5A5AF651CC}.Debug|x86.Deploy.0 = Debug|x86
		{3809C536-1B5A-484C-9DBE-DD5A5AF651CC}.Release|Any CPU.ActiveCfg = Release|x86
		{3809C536-1B5A-484C-9DBE-DD5A5AF651CC}.Release|ARM.ActiveCfg = Release|ARM
		{3809C536-1B5A-484C-9DBE-DD5A5AF651CC}.Release|ARM.Build.0 = Release|ARM
		{3809C536-1B5A-484C-9DBE-DD5A5AF651CC}.Release|ARM.Deploy.0 = Release|ARM
		{3809C536-1B5A-484C-9DBE-DD5A5AF651CC}.Release|ARM64.ActiveCfg = Release|ARM64
		{3809C536-1B5A-484C-9DBE-DD5A5AF651CC}.Release|ARM64.Build.0 = Release|ARM64
		{3809C536-1B5A-484C-9DBE-DD5A5AF651CC}.Release|ARM64.Deploy.0 = Release|ARM64
		{3809C536-1B5A-484C-9DBE-DD5A5AF651CC}.Release|x64.ActiveCfg = Release|x64
		{3809C536-1B5A-484C-9DBE-DD5A5AF651CC}.Release|x64.Build.0 = Release|x64
		{3809C536-1B5A-484C-9DBE-DD5A5AF651CC}.Release|x64.Deploy.0 = Release|x64
		{3809C536-1B5A-484C-9DBE-DD5A5AF651CC}.Release|x86.ActiveCfg = Release|x86
		{3809C536-1B5A-484C-9DBE-DD5A5AF651CC}.Release|x86.Build.0 = Release|x86
		{3809C536-1B5A-484C-9DBE-DD5A5AF651CC}.Release|x86.Deploy.0 = Release|x86
		{688B2624-B1F5-4A40-8BDC-5C45D20F1725}.Debug|Any CPU.ActiveCfg = Debug|x86
		{688B2624-B1F5-4A40-8BDC-5C45D20F1725}.Debug|ARM.ActiveCfg = Debug|ARM
		{688B2624-B1F5-4A40-8BDC-5C45D20F1725}.Debug|ARM.Build.0 = Debug|ARM
		{688B2624-B1F5-4A40-8BDC-5C45D20F1725}.Debug|ARM.Deploy.0 = Debug|ARM
		{688B2624-B1F5-4A40-8BDC-5C45D20F1725}.Debug|ARM64.ActiveCfg = Debug|ARM64
		{688B2624-B1F5-4A40-8BDC-5C45D20F1725}.Debug|ARM64.Build.0 = Debug|ARM64
		{688B2624-B1F5-4A40-8BDC-5C45D20F1725}.Debug|ARM64.Deploy.0 = Debug|ARM64
		{688B2624-B1F5-4A40-8BDC-5C45D20F1725}.Debug|x64.ActiveCfg = Debug|x64
		{688B2624-B1F5-4A40-8BDC-5C45D20F1725}.Debug|x64.Build.0 = Debug|x64
		{688B2624-B1F5-4A40-8BDC-5C45D20F1725}.Debug|x64.Deploy.0 = Debug|x64
		{688B2624-B1F5-4A40-8BDC-5C45D20F1725}.Debug|x86.ActiveCfg = Debug|x86
		{688B2624-B1F5-4A40-8BDC-5C45D20F1725}.Debug|x86.Build.0 = Debug|x86
		{688B2624-B1F5-4A40-8BDC-5C45D20F1725}.Debug|x86.Deploy.0 = Debug|x86
		{688B2624-B1F5-4A40-8BDC-5C45D20F1725}.Release|Any CPU.ActiveCfg = Release|x86
		{688B2624-B1F5-4A40-8BDC-5C45D20F1725}.Release|ARM.ActiveCfg = Release|ARM
		{688B2624-B1F5-4A40-8BDC-5C45D20F1725}.Release|ARM.Build.0 = Release|ARM
		{688B2624-B1F5-4A40-8BDC-5C45D20F1725}.Release|ARM.Deploy.0 = Release|ARM
		{688B2624-B1F5-4A40-8BDC-5C45D20F1725}.Release|ARM64.ActiveCfg = Release|ARM64
		{688B2624-B1F5-4A40-8BDC-5C45D20F1725}.Release|ARM64.Build.0 = Release|ARM64
		{688B2624-B1F5-4A40-8BDC-5C45D20F1725}.Release|ARM64.Deploy.0 = Release|ARM64
		{688B2624-B1F5-4A40-8BDC-5C45D20F1725}.Release|x64.ActiveCfg = Release|x64
		{688B2624-B1F5-4A40-8BDC-5C45D20F1725}.Release|x64.Build.0 = Release|x64
		{688B2624-B1F5-4A40-8BDC-5C45D20F1725}.Release|x64.Deploy.0 = Release|x64
		{688B2624-B1F5-4A40-8BDC-5C45D20F1725}.Release|x86.ActiveCfg = Release|x86
		{688B2624-B1F5-4A40-8BDC-5C45D20F1725}.Release|x86.Build.0 = Release|x86
		{688B2624-B1F5-4A40-8BDC-5C45D20F1725}.Release|x86.Deploy.0 = Release|x86
		{AAB61B19-A28C-4C22-B627-43A0D12F1D27}.Debug|Any CPU.ActiveCfg = Debug|x86
		{AAB61B19-A28C-4C22-B627-43A0D12F1D27}.Debug|ARM.ActiveCfg = Debug|ARM
		{AAB61B19-A28C-4C22-B627-43A0D12F1D27}.Debug|ARM.Build.0 = Debug|ARM
		{AAB61B19-A28C-4C22-B627-43A0D12F1D27}.Debug|ARM.Deploy.0 = Debug|ARM
		{AAB61B19-A28C-4C22-B627-43A0D12F1D27}.Debug|ARM64.ActiveCfg = Debug|ARM64
		{AAB61B19-A28C-4C22-B627-43A0D12F1D27}.Debug|ARM64.Build.0 = Debug|ARM64
		{AAB61B19-A28C-4C22-B627-43A0D12F1D27}.Debug|ARM64.Deploy.0 = Debug|ARM64
		{AAB61B19-A28C-4C22-B627-43A0D12F1D27}.Debug|x64.ActiveCfg = Debug|x64
		{AAB61B19-A28C-4C22-B627-43A0D12F1D27}.Debug|x64.Build.0 = Debug|x64
		{AAB61B19-A28C-4C22-B627-43A0D12F1D27}.Debug|x64.Deploy.0 = Debug|x64
		{AAB61B19-A28C-4C22-B627-43A0D12F1D27}.Debug|x86.ActiveCfg = Debug|x86
		{AAB61B19-A28C-4C22-B627-43A0D12F1D27}.Debug|x86.Build.0 = Debug|x86
		{AAB61B19-A28C-4C22-B627-43A0D12F1D27}.Debug|x86.Deploy.0 = Debug|x86
		{AAB61B19-A28C-4C22-B627-43A0D12F1D27}.Release|Any CPU.ActiveCfg = Release|x86
		{AAB61B19-A28C-4C22-B627-43A0D12F1D27}.Release|ARM.ActiveCfg = Release|ARM
		{AAB61B19-A28C-4C22-B627-43A0D12F1D27}.Release|ARM.Build.0 = Release|ARM
		{AAB61B19-A28C-4C22-B627-43A0D12F1D27}.Release|ARM.Deploy.0 = Release|ARM
		{AAB61B19-A28C-4C22-B627-43A0D12F1D27}.Release|ARM64.ActiveCfg = Release|ARM64
		{AAB61B19-A28C-4C22-B627-43A0D12F1D27}.Release|ARM64.Build.0 = Release|ARM64
		{AAB61B19-A28C-4C22-B627-43A0D12F1D27}.Release|ARM64.Deploy.0 = Release|ARM64
		{AAB61B19-A28C-4C22-B627-43A0D12F1D27}.Release|x64.ActiveCfg = Release|x64
		{AAB61B19-A28C-4C22-B627-43A0D12F1D27}.Release|x64.Build.0 = Release|x64
		{AAB61B19-A28C-4C22-B627-43A0D12F1D27}.Release|x64.Deploy.0 = Release|x64
		{AAB61B19-A28C-4C22-B627-43A0D12F1D27}.Release|x86.ActiveCfg = Release|x86
		{AAB61B19-A28C-4C22-B627-43A0D12F1D27}.Release|x86.Build.0 = Release|x86
		{AAB61B19-A28C-4C22-B627-43A0D12F1D27}.Release|x86.Deploy.0 = Release|x86
		{DA4D0E55-6852-46FB-AEBE-AC2FCABEDECD}.Debug|Any CPU.ActiveCfg = Debug|x86
		{DA4D0E55-6852-46FB-AEBE-AC2FCABEDECD}.Debug|ARM.ActiveCfg = Debug|ARM
		{DA4D0E55-6852-46FB-AEBE-AC2FCABEDECD}.Debug|ARM.Build.0 = Debug|ARM
		{DA4D0E55-6852-46FB-AEBE-AC2FCABEDECD}.Debug|ARM.Deploy.0 = Debug|ARM
		{DA4D0E55-6852-46FB-AEBE-AC2FCABEDECD}.Debug|ARM64.ActiveCfg = Debug|ARM64
		{DA4D0E55-6852-46FB-AEBE-AC2FCABEDECD}.Debug|ARM64.Build.0 = Debug|ARM64
		{DA4D0E55-6852-46FB-AEBE-AC2FCABEDECD}.Debug|ARM64.Deploy.0 = Debug|ARM64
		{DA4D0E55-6852-46FB-AEBE-AC2FCABEDECD}.Debug|x64.ActiveCfg = Debug|x64
		{DA4D0E55-6852-46FB-AEBE-AC2FCABEDECD}.Debug|x64.Build.0 = Debug|x64
		{DA4D0E55-6852-46FB-AEBE-AC2FCABEDECD}.Debug|x64.Deploy.0 = Debug|x64
		{DA4D0E55-6852-46FB-AEBE-AC2FCABEDECD}.Debug|x86.ActiveCfg = Debug|x86
		{DA4D0E55-6852-46FB-AEBE-AC2FCABEDECD}.Debug|x86.Build.0 = Debug|x86
		{DA4D0E55-6852-46FB-AEBE-AC2FCABEDECD}.Debug|x86.Deploy.0 = Debug|x86
		{DA4D0E55-6852-46FB-AEBE-AC2FCABEDECD}.Release|Any CPU.ActiveCfg = Release|x86
		{DA4D0E55-6852-46FB-AEBE-AC2FCABEDECD}.Release|ARM.ActiveCfg = Release|ARM
		{DA4D0E55-6852-46FB-AEBE-AC2FCABEDECD}.Release|ARM.Build.0 = Release|ARM
		{DA4D0E55-6852-46FB-AEBE-AC2FCABEDECD}.Release|ARM.Deploy.0 = Release|ARM
		{DA4D0E55-6852-46FB-AEBE-AC2FCABEDECD}.Release|ARM64.ActiveCfg = Release|ARM64
		{DA4D0E55-6852-46FB-AEBE-AC2FCABEDECD}.Release|ARM64.Build.0 = Release|ARM64
		{DA4D0E55-6852-46FB-AEBE-AC2FCABEDECD}.Release|ARM64.Deploy.0 = Release|ARM64
		{DA4D0E55-6852-46FB-AEBE-AC2FCABEDECD}.Release|x64.ActiveCfg = Release|x64
		{DA4D0E55-6852-46FB-AEBE-AC2FCABEDECD}.Release|x64.Build.0 = Release|x64
		{DA4D0E55-6852-46FB-AEBE-AC2FCABEDECD}.Release|x64.Deploy.0 = Release|x64
		{DA4D0E55-6852-46FB-AEBE-AC2FCABEDECD}.Release|x86.ActiveCfg = Release|x86
		{DA4D0E55-6852-46FB-AEBE-AC2FCABEDECD}.Release|x86.Build.0 = Release|x86
		{DA4D0E55-6852-46FB-AEBE-AC2FCABEDECD}.Release|x86.Deploy.0 = Release|x86
	EndGlobalSection
	GlobalSection(SolutionProperties) = preSolution
		HideSolutionNode = FALSE
	EndGlobalSection
	GlobalSection(ExtensibilityGlobals) = postSolution
		SolutionGuid = {8D6C7A04-7948-4E20-B017-1D1BA98BD84B}
	EndGlobalSection
EndGlobal
